// !$*UTF8*$!
{
	archiveVersion = 1;
	classes = {
	};
	objectVersion = 51;
	objects = {

/* Begin PBXBuildFile section */
		095062692579D38700E10EBD /* GoogleService-Info.plist in Resources */ = {isa = PBXBuildFile; fileRef = 095062682579D38700E10EBD /* GoogleService-Info.plist */; };
		0950626D2579D71E00E10EBD /* TabBarViewController.swift in Sources */ = {isa = PBXBuildFile; fileRef = 0950626C2579D71E00E10EBD /* TabBarViewController.swift */; };
		0950630F257EFD7E00E10EBD /* DetailViewController.swift in Sources */ = {isa = PBXBuildFile; fileRef = 0950630E257EFD7E00E10EBD /* DetailViewController.swift */; };
		0961189A25757B61006198C9 /* AppDelegate.swift in Sources */ = {isa = PBXBuildFile; fileRef = 0961189925757B61006198C9 /* AppDelegate.swift */; };
		0961189C25757B61006198C9 /* SceneDelegate.swift in Sources */ = {isa = PBXBuildFile; fileRef = 0961189B25757B61006198C9 /* SceneDelegate.swift */; };
		0961189E25757B61006198C9 /* ViewController.swift in Sources */ = {isa = PBXBuildFile; fileRef = 0961189D25757B61006198C9 /* ViewController.swift */; };
		096118A125757B61006198C9 /* Main.storyboard in Resources */ = {isa = PBXBuildFile; fileRef = 0961189F25757B61006198C9 /* Main.storyboard */; };
		096118A325757B64006198C9 /* Assets.xcassets in Resources */ = {isa = PBXBuildFile; fileRef = 096118A225757B64006198C9 /* Assets.xcassets */; };
		096118A625757B64006198C9 /* LaunchScreen.storyboard in Resources */ = {isa = PBXBuildFile; fileRef = 096118A425757B64006198C9 /* LaunchScreen.storyboard */; };
		096118D12575831D006198C9 /* VideoViewController.swift in Sources */ = {isa = PBXBuildFile; fileRef = 096118D02575831D006198C9 /* VideoViewController.swift */; };
		096118D425758336006198C9 /* VideoCollectionViewCell.swift in Sources */ = {isa = PBXBuildFile; fileRef = 096118D325758336006198C9 /* VideoCollectionViewCell.swift */; };
		096118D72575839F006198C9 /* compost.mov in Resources */ = {isa = PBXBuildFile; fileRef = 096118D62575839F006198C9 /* compost.mov */; };
		096118DA257583AA006198C9 /* recycle.mov in Resources */ = {isa = PBXBuildFile; fileRef = 096118D9257583AA006198C9 /* recycle.mov */; };
		096118DD257583B1006198C9 /* farming.mov in Resources */ = {isa = PBXBuildFile; fileRef = 096118DC257583B1006198C9 /* farming.mov */; };
		096118E0257587D4006198C9 /* ProfileViewController.swift in Sources */ = {isa = PBXBuildFile; fileRef = 096118DF257587D4006198C9 /* ProfileViewController.swift */; };
		096118E325759C51006198C9 /* DiscoverViewController.swift in Sources */ = {isa = PBXBuildFile; fileRef = 096118E225759C51006198C9 /* DiscoverViewController.swift */; };
		715D616B25816818005A4419 /* lf30_editor_qxwqymve.json in Resources */ = {isa = PBXBuildFile; fileRef = 715D616A25816818005A4419 /* lf30_editor_qxwqymve.json */; };
		715D616E258180CE005A4419 /* Video.swift in Sources */ = {isa = PBXBuildFile; fileRef = 715D616D258180CE005A4419 /* Video.swift */; };
		715FAD872581BAA40049BF95 /* Videos.swift in Sources */ = {isa = PBXBuildFile; fileRef = 715FAD862581BAA40049BF95 /* Videos.swift */; };
		715FADAA2581D4AA0049BF95 /* StorageManager.swift in Sources */ = {isa = PBXBuildFile; fileRef = 715FADA92581D4AA0049BF95 /* StorageManager.swift */; };
		71B2454C258135B2005D8AC0 /* 1446-bikingiscool.json in Resources */ = {isa = PBXBuildFile; fileRef = 71B2454B258135B2005D8AC0 /* 1446-bikingiscool.json */; };
		71BA64502582DFB6002186B0 /* TableViewCell.swift in Sources */ = {isa = PBXBuildFile; fileRef = 71BA644F2582DFB6002186B0 /* TableViewCell.swift */; };
		71BA64532582DFD6002186B0 /* GoalListItem.swift in Sources */ = {isa = PBXBuildFile; fileRef = 71BA64522582DFD6002186B0 /* GoalListItem.swift */; };
		71BA64562582DFF9002186B0 /* DetailTwoViewController.swift in Sources */ = {isa = PBXBuildFile; fileRef = 71BA64552582DFF9002186B0 /* DetailTwoViewController.swift */; };
		71BA64592582E00A002186B0 /* VideoPicker.swift in Sources */ = {isa = PBXBuildFile; fileRef = 71BA64582582E00A002186B0 /* VideoPicker.swift */; };
		71BA645C2582E01C002186B0 /* VideoView.swift in Sources */ = {isa = PBXBuildFile; fileRef = 71BA645B2582E01C002186B0 /* VideoView.swift */; };
		71BDDC982582ADA700C2032A /* lf30_editor_hdqu5pit.json in Resources */ = {isa = PBXBuildFile; fileRef = 71BDDC972582ADA700C2032A /* lf30_editor_hdqu5pit.json */; };
		71BDDC9B2582C3CF00C2032A /* whitelock.png in Resources */ = {isa = PBXBuildFile; fileRef = 71BDDC9A2582C3CF00C2032A /* whitelock.png */; };
		71BDDC9E2582C77500C2032A /* movie.jpg in Resources */ = {isa = PBXBuildFile; fileRef = 71BDDC9D2582C77500C2032A /* movie.jpg */; };
		71BDDCA12582C7E400C2032A /* whitecamera-removebg-preview.png in Resources */ = {isa = PBXBuildFile; fileRef = 71BDDCA02582C7E400C2032A /* whitecamera-removebg-preview.png */; };
		71BDDCA42582C88B00C2032A /* imageedit_11_6827755759.png in Resources */ = {isa = PBXBuildFile; fileRef = 71BDDCA32582C88B00C2032A /* imageedit_11_6827755759.png */; };
		71BDDCA72582CA7800C2032A /* imageedit_15_3685238826.jpg in Resources */ = {isa = PBXBuildFile; fileRef = 71BDDCA62582CA7700C2032A /* imageedit_15_3685238826.jpg */; };
		71BDDCAA2582CB7000C2032A /* imageedit_19_4887464843.jpg in Resources */ = {isa = PBXBuildFile; fileRef = 71BDDCA92582CB7000C2032A /* imageedit_19_4887464843.jpg */; };
		71BDDCAD2582CC2800C2032A /* pleasework.png in Resources */ = {isa = PBXBuildFile; fileRef = 71BDDCAC2582CC2800C2032A /* pleasework.png */; };
		FBA855518853E4782D5671BA /* Pods_FeedTabs.framework in Frameworks */ = {isa = PBXBuildFile; fileRef = 8BB21FE4509E03D625C1EF5E /* Pods_FeedTabs.framework */; };
/* End PBXBuildFile section */

/* Begin PBXFileReference section */
		095062682579D38700E10EBD /* GoogleService-Info.plist */ = {isa = PBXFileReference; lastKnownFileType = text.plist; path = "GoogleService-Info.plist"; sourceTree = SOURCE_ROOT; };
		0950626C2579D71E00E10EBD /* TabBarViewController.swift */ = {isa = PBXFileReference; lastKnownFileType = sourcecode.swift; path = TabBarViewController.swift; sourceTree = "<group>"; };
		0950630E257EFD7E00E10EBD /* DetailViewController.swift */ = {isa = PBXFileReference; lastKnownFileType = sourcecode.swift; path = DetailViewController.swift; sourceTree = "<group>"; };
		0961189625757B61006198C9 /* FeedTabs.app */ = {isa = PBXFileReference; explicitFileType = wrapper.application; includeInIndex = 0; path = FeedTabs.app; sourceTree = BUILT_PRODUCTS_DIR; };
		0961189925757B61006198C9 /* AppDelegate.swift */ = {isa = PBXFileReference; lastKnownFileType = sourcecode.swift; path = AppDelegate.swift; sourceTree = "<group>"; };
		0961189B25757B61006198C9 /* SceneDelegate.swift */ = {isa = PBXFileReference; lastKnownFileType = sourcecode.swift; path = SceneDelegate.swift; sourceTree = "<group>"; };
		0961189D25757B61006198C9 /* ViewController.swift */ = {isa = PBXFileReference; lastKnownFileType = sourcecode.swift; path = ViewController.swift; sourceTree = "<group>"; };
		096118A025757B61006198C9 /* Base */ = {isa = PBXFileReference; lastKnownFileType = file.storyboard; name = Base; path = Base.lproj/Main.storyboard; sourceTree = "<group>"; };
		096118A225757B64006198C9 /* Assets.xcassets */ = {isa = PBXFileReference; lastKnownFileType = folder.assetcatalog; path = Assets.xcassets; sourceTree = "<group>"; };
		096118A525757B64006198C9 /* Base */ = {isa = PBXFileReference; lastKnownFileType = file.storyboard; name = Base; path = Base.lproj/LaunchScreen.storyboard; sourceTree = "<group>"; };
		096118A725757B64006198C9 /* Info.plist */ = {isa = PBXFileReference; lastKnownFileType = text.plist.xml; path = Info.plist; sourceTree = "<group>"; };
		096118D02575831D006198C9 /* VideoViewController.swift */ = {isa = PBXFileReference; fileEncoding = 4; lastKnownFileType = sourcecode.swift; path = VideoViewController.swift; sourceTree = "<group>"; };
		096118D325758336006198C9 /* VideoCollectionViewCell.swift */ = {isa = PBXFileReference; fileEncoding = 4; lastKnownFileType = sourcecode.swift; path = VideoCollectionViewCell.swift; sourceTree = "<group>"; };
		096118D62575839F006198C9 /* compost.mov */ = {isa = PBXFileReference; lastKnownFileType = video.quicktime; path = compost.mov; sourceTree = "<group>"; };
		096118D9257583AA006198C9 /* recycle.mov */ = {isa = PBXFileReference; lastKnownFileType = video.quicktime; path = recycle.mov; sourceTree = "<group>"; };
		096118DC257583B1006198C9 /* farming.mov */ = {isa = PBXFileReference; lastKnownFileType = video.quicktime; path = farming.mov; sourceTree = "<group>"; };
		096118DF257587D4006198C9 /* ProfileViewController.swift */ = {isa = PBXFileReference; lastKnownFileType = sourcecode.swift; path = ProfileViewController.swift; sourceTree = "<group>"; };
		096118E225759C51006198C9 /* DiscoverViewController.swift */ = {isa = PBXFileReference; lastKnownFileType = sourcecode.swift; path = DiscoverViewController.swift; sourceTree = "<group>"; };
		460169CE6CACEF6C2107665A /* Pods-FeedTabs.release.xcconfig */ = {isa = PBXFileReference; includeInIndex = 1; lastKnownFileType = text.xcconfig; name = "Pods-FeedTabs.release.xcconfig"; path = "Target Support Files/Pods-FeedTabs/Pods-FeedTabs.release.xcconfig"; sourceTree = "<group>"; };
		56635283D1902CF171418260 /* Pods-FeedTabs.debug.xcconfig */ = {isa = PBXFileReference; includeInIndex = 1; lastKnownFileType = text.xcconfig; name = "Pods-FeedTabs.debug.xcconfig"; path = "Target Support Files/Pods-FeedTabs/Pods-FeedTabs.debug.xcconfig"; sourceTree = "<group>"; };
		715D616A25816818005A4419 /* lf30_editor_qxwqymve.json */ = {isa = PBXFileReference; fileEncoding = 4; lastKnownFileType = text.json; path = lf30_editor_qxwqymve.json; sourceTree = "<group>"; };
		715D616D258180CE005A4419 /* Video.swift */ = {isa = PBXFileReference; lastKnownFileType = sourcecode.swift; path = Video.swift; sourceTree = "<group>"; };
		715FAD862581BAA40049BF95 /* Videos.swift */ = {isa = PBXFileReference; lastKnownFileType = sourcecode.swift; path = Videos.swift; sourceTree = "<group>"; };
		715FADA92581D4AA0049BF95 /* StorageManager.swift */ = {isa = PBXFileReference; lastKnownFileType = sourcecode.swift; path = StorageManager.swift; sourceTree = "<group>"; };
		71B2454B258135B2005D8AC0 /* 1446-bikingiscool.json */ = {isa = PBXFileReference; fileEncoding = 4; lastKnownFileType = text.json; path = "1446-bikingiscool.json"; sourceTree = "<group>"; };
		71BA644F2582DFB6002186B0 /* TableViewCell.swift */ = {isa = PBXFileReference; fileEncoding = 4; lastKnownFileType = sourcecode.swift; path = TableViewCell.swift; sourceTree = "<group>"; };
		71BA64522582DFD6002186B0 /* GoalListItem.swift */ = {isa = PBXFileReference; fileEncoding = 4; lastKnownFileType = sourcecode.swift; path = GoalListItem.swift; sourceTree = "<group>"; };
		71BA64552582DFF9002186B0 /* DetailTwoViewController.swift */ = {isa = PBXFileReference; fileEncoding = 4; lastKnownFileType = sourcecode.swift; path = DetailTwoViewController.swift; sourceTree = "<group>"; };
		71BA64582582E00A002186B0 /* VideoPicker.swift */ = {isa = PBXFileReference; fileEncoding = 4; lastKnownFileType = sourcecode.swift; path = VideoPicker.swift; sourceTree = "<group>"; };
		71BA645B2582E01C002186B0 /* VideoView.swift */ = {isa = PBXFileReference; fileEncoding = 4; lastKnownFileType = sourcecode.swift; path = VideoView.swift; sourceTree = "<group>"; };
		71BDDC972582ADA700C2032A /* lf30_editor_hdqu5pit.json */ = {isa = PBXFileReference; fileEncoding = 4; lastKnownFileType = text.json; path = lf30_editor_hdqu5pit.json; sourceTree = "<group>"; };
		71BDDC9A2582C3CF00C2032A /* whitelock.png */ = {isa = PBXFileReference; lastKnownFileType = image.png; path = whitelock.png; sourceTree = "<group>"; };
		71BDDC9D2582C77500C2032A /* movie.jpg */ = {isa = PBXFileReference; lastKnownFileType = image.jpeg; path = movie.jpg; sourceTree = "<group>"; };
		71BDDCA02582C7E400C2032A /* whitecamera-removebg-preview.png */ = {isa = PBXFileReference; lastKnownFileType = image.png; path = "whitecamera-removebg-preview.png"; sourceTree = "<group>"; };
		71BDDCA32582C88B00C2032A /* imageedit_11_6827755759.png */ = {isa = PBXFileReference; lastKnownFileType = image.png; path = imageedit_11_6827755759.png; sourceTree = "<group>"; };
		71BDDCA62582CA7700C2032A /* imageedit_15_3685238826.jpg */ = {isa = PBXFileReference; lastKnownFileType = image.jpeg; path = imageedit_15_3685238826.jpg; sourceTree = "<group>"; };
		71BDDCA92582CB7000C2032A /* imageedit_19_4887464843.jpg */ = {isa = PBXFileReference; lastKnownFileType = image.jpeg; path = imageedit_19_4887464843.jpg; sourceTree = "<group>"; };
		71BDDCAC2582CC2800C2032A /* pleasework.png */ = {isa = PBXFileReference; lastKnownFileType = image.png; path = pleasework.png; sourceTree = "<group>"; };
		8BB21FE4509E03D625C1EF5E /* Pods_FeedTabs.framework */ = {isa = PBXFileReference; explicitFileType = wrapper.framework; includeInIndex = 0; path = Pods_FeedTabs.framework; sourceTree = BUILT_PRODUCTS_DIR; };
/* End PBXFileReference section */

/* Begin PBXFrameworksBuildPhase section */
		0961189325757B61006198C9 /* Frameworks */ = {
			isa = PBXFrameworksBuildPhase;
			buildActionMask = 2147483647;
			files = (
				FBA855518853E4782D5671BA /* Pods_FeedTabs.framework in Frameworks */,
			);
			runOnlyForDeploymentPostprocessing = 0;
		};
/* End PBXFrameworksBuildPhase section */

/* Begin PBXGroup section */
		0961188D25757B61006198C9 = {
			isa = PBXGroup;
			children = (
				0961189825757B61006198C9 /* FeedTabs */,
				0961189725757B61006198C9 /* Products */,
				0E7B9277F3F9B919010D3108 /* Pods */,
				D74795AC45788C95548D7CA6 /* Frameworks */,
			);
			sourceTree = "<group>";
		};
		0961189725757B61006198C9 /* Products */ = {
			isa = PBXGroup;
			children = (
				0961189625757B61006198C9 /* FeedTabs.app */,
			);
			name = Products;
			sourceTree = "<group>";
		};
		0961189825757B61006198C9 /* FeedTabs */ = {
			isa = PBXGroup;
			children = (
				71B2454B258135B2005D8AC0 /* 1446-bikingiscool.json */,
				715D616A25816818005A4419 /* lf30_editor_qxwqymve.json */,
				71BDDC9D2582C77500C2032A /* movie.jpg */,
				71BDDCA32582C88B00C2032A /* imageedit_11_6827755759.png */,
				71BDDCA92582CB7000C2032A /* imageedit_19_4887464843.jpg */,
				71BDDCAC2582CC2800C2032A /* pleasework.png */,
				71BDDCA62582CA7700C2032A /* imageedit_15_3685238826.jpg */,
				71BDDCA02582C7E400C2032A /* whitecamera-removebg-preview.png */,
				71BDDC9A2582C3CF00C2032A /* whitelock.png */,
				71BDDC972582ADA700C2032A /* lf30_editor_hdqu5pit.json */,
				096118D62575839F006198C9 /* compost.mov */,
				096118D9257583AA006198C9 /* recycle.mov */,
				096118DC257583B1006198C9 /* farming.mov */,
				0961189925757B61006198C9 /* AppDelegate.swift */,
				0961189B25757B61006198C9 /* SceneDelegate.swift */,
				0961189D25757B61006198C9 /* ViewController.swift */,
				0950626C2579D71E00E10EBD /* TabBarViewController.swift */,
				096118D02575831D006198C9 /* VideoViewController.swift */,
				715D616D258180CE005A4419 /* Video.swift */,
				715FAD862581BAA40049BF95 /* Videos.swift */,
				096118DF257587D4006198C9 /* ProfileViewController.swift */,
				096118E225759C51006198C9 /* DiscoverViewController.swift */,
				0950630E257EFD7E00E10EBD /* DetailViewController.swift */,
				0961189F25757B61006198C9 /* Main.storyboard */,
				096118A225757B64006198C9 /* Assets.xcassets */,
				096118A425757B64006198C9 /* LaunchScreen.storyboard */,
				096118A725757B64006198C9 /* Info.plist */,
				095062682579D38700E10EBD /* GoogleService-Info.plist */,
				096118D325758336006198C9 /* VideoCollectionViewCell.swift */,
				715FADA92581D4AA0049BF95 /* StorageManager.swift */,
				71BA644F2582DFB6002186B0 /* TableViewCell.swift */,
				71BA64522582DFD6002186B0 /* GoalListItem.swift */,
				71BA64552582DFF9002186B0 /* DetailTwoViewController.swift */,
				71BA64582582E00A002186B0 /* VideoPicker.swift */,
				71BA645B2582E01C002186B0 /* VideoView.swift */,
			);
			path = FeedTabs;
			sourceTree = "<group>";
		};
		0E7B9277F3F9B919010D3108 /* Pods */ = {
			isa = PBXGroup;
			children = (
				56635283D1902CF171418260 /* Pods-FeedTabs.debug.xcconfig */,
				460169CE6CACEF6C2107665A /* Pods-FeedTabs.release.xcconfig */,
			);
			path = Pods;
			sourceTree = "<group>";
		};
		D74795AC45788C95548D7CA6 /* Frameworks */ = {
			isa = PBXGroup;
			children = (
				8BB21FE4509E03D625C1EF5E /* Pods_FeedTabs.framework */,
			);
			name = Frameworks;
			sourceTree = "<group>";
		};
/* End PBXGroup section */

/* Begin PBXNativeTarget section */
		0961189525757B61006198C9 /* FeedTabs */ = {
			isa = PBXNativeTarget;
			buildConfigurationList = 096118AA25757B64006198C9 /* Build configuration list for PBXNativeTarget "FeedTabs" */;
			buildPhases = (
				B98E7EEF46AFE87FA0958DDB /* [CP] Check Pods Manifest.lock */,
				0961189225757B61006198C9 /* Sources */,
				0961189325757B61006198C9 /* Frameworks */,
				0961189425757B61006198C9 /* Resources */,
				4BDD577B33B131D7D63F0A1E /* [CP] Embed Pods Frameworks */,
				3FE2A4BBF7FAAB16A61BD316 /* [CP] Copy Pods Resources */,
			);
			buildRules = (
			);
			dependencies = (
			);
			name = FeedTabs;
			productName = FeedTabs;
			productReference = 0961189625757B61006198C9 /* FeedTabs.app */;
			productType = "com.apple.product-type.application";
		};
/* End PBXNativeTarget section */

/* Begin PBXProject section */
		0961188E25757B61006198C9 /* Project object */ = {
			isa = PBXProject;
			attributes = {
				LastSwiftUpdateCheck = 1220;
				LastUpgradeCheck = 1220;
				TargetAttributes = {
					0961189525757B61006198C9 = {
						CreatedOnToolsVersion = 12.2;
					};
				};
			};
			buildConfigurationList = 0961189125757B61006198C9 /* Build configuration list for PBXProject "FeedTabs" */;
			compatibilityVersion = "Xcode 9.3";
			developmentRegion = en;
			hasScannedForEncodings = 0;
			knownRegions = (
				en,
				Base,
			);
			mainGroup = 0961188D25757B61006198C9;
			productRefGroup = 0961189725757B61006198C9 /* Products */;
			projectDirPath = "";
			projectRoot = "";
			targets = (
				0961189525757B61006198C9 /* FeedTabs */,
			);
		};
/* End PBXProject section */

/* Begin PBXResourcesBuildPhase section */
		0961189425757B61006198C9 /* Resources */ = {
			isa = PBXResourcesBuildPhase;
			buildActionMask = 2147483647;
			files = (
				71BDDCA42582C88B00C2032A /* imageedit_11_6827755759.png in Resources */,
				71BDDCA12582C7E400C2032A /* whitecamera-removebg-preview.png in Resources */,
				71BDDC9B2582C3CF00C2032A /* whitelock.png in Resources */,
				71BDDCAA2582CB7000C2032A /* imageedit_19_4887464843.jpg in Resources */,
				096118D72575839F006198C9 /* compost.mov in Resources */,
				096118DD257583B1006198C9 /* farming.mov in Resources */,
				096118DA257583AA006198C9 /* recycle.mov in Resources */,
				096118A625757B64006198C9 /* LaunchScreen.storyboard in Resources */,
				096118A325757B64006198C9 /* Assets.xcassets in Resources */,
				096118A125757B61006198C9 /* Main.storyboard in Resources */,
				715D616B25816818005A4419 /* lf30_editor_qxwqymve.json in Resources */,
				71BDDCAD2582CC2800C2032A /* pleasework.png in Resources */,
				71BDDC9E2582C77500C2032A /* movie.jpg in Resources */,
				71BDDC982582ADA700C2032A /* lf30_editor_hdqu5pit.json in Resources */,
				095062692579D38700E10EBD /* GoogleService-Info.plist in Resources */,
				71B2454C258135B2005D8AC0 /* 1446-bikingiscool.json in Resources */,
				71BDDCA72582CA7800C2032A /* imageedit_15_3685238826.jpg in Resources */,
			);
			runOnlyForDeploymentPostprocessing = 0;
		};
/* End PBXResourcesBuildPhase section */

/* Begin PBXShellScriptBuildPhase section */
		3FE2A4BBF7FAAB16A61BD316 /* [CP] Copy Pods Resources */ = {
			isa = PBXShellScriptBuildPhase;
			buildActionMask = 2147483647;
			files = (
			);
			inputFileListPaths = (
				"${PODS_ROOT}/Target Support Files/Pods-FeedTabs/Pods-FeedTabs-resources-${CONFIGURATION}-input-files.xcfilelist",
			);
			name = "[CP] Copy Pods Resources";
			outputFileListPaths = (
				"${PODS_ROOT}/Target Support Files/Pods-FeedTabs/Pods-FeedTabs-resources-${CONFIGURATION}-output-files.xcfilelist",
			);
			runOnlyForDeploymentPostprocessing = 0;
			shellPath = /bin/sh;
			shellScript = "\"${PODS_ROOT}/Target Support Files/Pods-FeedTabs/Pods-FeedTabs-resources.sh\"\n";
			showEnvVarsInLog = 0;
		};
		4BDD577B33B131D7D63F0A1E /* [CP] Embed Pods Frameworks */ = {
			isa = PBXShellScriptBuildPhase;
			buildActionMask = 2147483647;
			files = (
			);
			inputFileListPaths = (
				"${PODS_ROOT}/Target Support Files/Pods-FeedTabs/Pods-FeedTabs-frameworks-${CONFIGURATION}-input-files.xcfilelist",
			);
			name = "[CP] Embed Pods Frameworks";
			outputFileListPaths = (
				"${PODS_ROOT}/Target Support Files/Pods-FeedTabs/Pods-FeedTabs-frameworks-${CONFIGURATION}-output-files.xcfilelist",
			);
			runOnlyForDeploymentPostprocessing = 0;
			shellPath = /bin/sh;
			shellScript = "\"${PODS_ROOT}/Target Support Files/Pods-FeedTabs/Pods-FeedTabs-frameworks.sh\"\n";
			showEnvVarsInLog = 0;
		};
		B98E7EEF46AFE87FA0958DDB /* [CP] Check Pods Manifest.lock */ = {
			isa = PBXShellScriptBuildPhase;
			buildActionMask = 2147483647;
			files = (
			);
			inputFileListPaths = (
			);
			inputPaths = (
				"${PODS_PODFILE_DIR_PATH}/Podfile.lock",
				"${PODS_ROOT}/Manifest.lock",
			);
			name = "[CP] Check Pods Manifest.lock";
			outputFileListPaths = (
			);
			outputPaths = (
				"$(DERIVED_FILE_DIR)/Pods-FeedTabs-checkManifestLockResult.txt",
			);
			runOnlyForDeploymentPostprocessing = 0;
			shellPath = /bin/sh;
			shellScript = "diff \"${PODS_PODFILE_DIR_PATH}/Podfile.lock\" \"${PODS_ROOT}/Manifest.lock\" > /dev/null\nif [ $? != 0 ] ; then\n    # print error to STDERR\n    echo \"error: The sandbox is not in sync with the Podfile.lock. Run 'pod install' or update your CocoaPods installation.\" >&2\n    exit 1\nfi\n# This output is used by Xcode 'outputs' to avoid re-running this script phase.\necho \"SUCCESS\" > \"${SCRIPT_OUTPUT_FILE_0}\"\n";
			showEnvVarsInLog = 0;
		};
/* End PBXShellScriptBuildPhase section */

/* Begin PBXSourcesBuildPhase section */
		0961189225757B61006198C9 /* Sources */ = {
			isa = PBXSourcesBuildPhase;
			buildActionMask = 2147483647;
			files = (
				71BA64562582DFF9002186B0 /* DetailTwoViewController.swift in Sources */,
				71BA64592582E00A002186B0 /* VideoPicker.swift in Sources */,
				71BA64502582DFB6002186B0 /* TableViewCell.swift in Sources */,
				71BA64532582DFD6002186B0 /* GoalListItem.swift in Sources */,
				0950630F257EFD7E00E10EBD /* DetailViewController.swift in Sources */,
				71BA645C2582E01C002186B0 /* VideoView.swift in Sources */,
				0950626D2579D71E00E10EBD /* TabBarViewController.swift in Sources */,
				096118E0257587D4006198C9 /* ProfileViewController.swift in Sources */,
				715FADAA2581D4AA0049BF95 /* StorageManager.swift in Sources */,
				0961189E25757B61006198C9 /* ViewController.swift in Sources */,
				096118E325759C51006198C9 /* DiscoverViewController.swift in Sources */,
				0961189A25757B61006198C9 /* AppDelegate.swift in Sources */,
				096118D12575831D006198C9 /* VideoViewController.swift in Sources */,
				096118D425758336006198C9 /* VideoCollectionViewCell.swift in Sources */,
				0961189C25757B61006198C9 /* SceneDelegate.swift in Sources */,
				715D616E258180CE005A4419 /* Video.swift in Sources */,
				715FAD872581BAA40049BF95 /* Videos.swift in Sources */,
			);
			runOnlyForDeploymentPostprocessing = 0;
		};
/* End PBXSourcesBuildPhase section */

/* Begin PBXVariantGroup section */
		0961189F25757B61006198C9 /* Main.storyboard */ = {
			isa = PBXVariantGroup;
			children = (
				096118A025757B61006198C9 /* Base */,
			);
			name = Main.storyboard;
			sourceTree = "<group>";
		};
		096118A425757B64006198C9 /* LaunchScreen.storyboard */ = {
			isa = PBXVariantGroup;
			children = (
				096118A525757B64006198C9 /* Base */,
			);
			name = LaunchScreen.storyboard;
			sourceTree = "<group>";
		};
/* End PBXVariantGroup section */

/* Begin XCBuildConfiguration section */
		096118A825757B64006198C9 /* Debug */ = {
			isa = XCBuildConfiguration;
			buildSettings = {
				ALWAYS_SEARCH_USER_PATHS = NO;
				CLANG_ANALYZER_NONNULL = YES;
				CLANG_ANALYZER_NUMBER_OBJECT_CONVERSION = YES_AGGRESSIVE;
				CLANG_CXX_LANGUAGE_STANDARD = "gnu++14";
				CLANG_CXX_LIBRARY = "libc++";
				CLANG_ENABLE_MODULES = YES;
				CLANG_ENABLE_OBJC_ARC = YES;
				CLANG_ENABLE_OBJC_WEAK = YES;
				CLANG_WARN_BLOCK_CAPTURE_AUTORELEASING = YES;
				CLANG_WARN_BOOL_CONVERSION = YES;
				CLANG_WARN_COMMA = YES;
				CLANG_WARN_CONSTANT_CONVERSION = YES;
				CLANG_WARN_DEPRECATED_OBJC_IMPLEMENTATIONS = YES;
				CLANG_WARN_DIRECT_OBJC_ISA_USAGE = YES_ERROR;
				CLANG_WARN_DOCUMENTATION_COMMENTS = YES;
				CLANG_WARN_EMPTY_BODY = YES;
				CLANG_WARN_ENUM_CONVERSION = YES;
				CLANG_WARN_INFINITE_RECURSION = YES;
				CLANG_WARN_INT_CONVERSION = YES;
				CLANG_WARN_NON_LITERAL_NULL_CONVERSION = YES;
				CLANG_WARN_OBJC_IMPLICIT_RETAIN_SELF = YES;
				CLANG_WARN_OBJC_LITERAL_CONVERSION = YES;
				CLANG_WARN_OBJC_ROOT_CLASS = YES_ERROR;
				CLANG_WARN_QUOTED_INCLUDE_IN_FRAMEWORK_HEADER = YES;
				CLANG_WARN_RANGE_LOOP_ANALYSIS = YES;
				CLANG_WARN_STRICT_PROTOTYPES = YES;
				CLANG_WARN_SUSPICIOUS_MOVE = YES;
				CLANG_WARN_UNGUARDED_AVAILABILITY = YES_AGGRESSIVE;
				CLANG_WARN_UNREACHABLE_CODE = YES;
				CLANG_WARN__DUPLICATE_METHOD_MATCH = YES;
				COPY_PHASE_STRIP = NO;
				DEBUG_INFORMATION_FORMAT = dwarf;
				ENABLE_STRICT_OBJC_MSGSEND = YES;
				ENABLE_TESTABILITY = YES;
				GCC_C_LANGUAGE_STANDARD = gnu11;
				GCC_DYNAMIC_NO_PIC = NO;
				GCC_NO_COMMON_BLOCKS = YES;
				GCC_OPTIMIZATION_LEVEL = 0;
				GCC_PREPROCESSOR_DEFINITIONS = (
					"DEBUG=1",
					"$(inherited)",
				);
				GCC_WARN_64_TO_32_BIT_CONVERSION = YES;
				GCC_WARN_ABOUT_RETURN_TYPE = YES_ERROR;
				GCC_WARN_UNDECLARED_SELECTOR = YES;
				GCC_WARN_UNINITIALIZED_AUTOS = YES_AGGRESSIVE;
				GCC_WARN_UNUSED_FUNCTION = YES;
				GCC_WARN_UNUSED_VARIABLE = YES;
				IPHONEOS_DEPLOYMENT_TARGET = 14.2;
				MTL_ENABLE_DEBUG_INFO = INCLUDE_SOURCE;
				MTL_FAST_MATH = YES;
				ONLY_ACTIVE_ARCH = YES;
				SDKROOT = iphoneos;
				SWIFT_ACTIVE_COMPILATION_CONDITIONS = DEBUG;
				SWIFT_OPTIMIZATION_LEVEL = "-Onone";
			};
			name = Debug;
		};
		096118A925757B64006198C9 /* Release */ = {
			isa = XCBuildConfiguration;
			buildSettings = {
				ALWAYS_SEARCH_USER_PATHS = NO;
				CLANG_ANALYZER_NONNULL = YES;
				CLANG_ANALYZER_NUMBER_OBJECT_CONVERSION = YES_AGGRESSIVE;
				CLANG_CXX_LANGUAGE_STANDARD = "gnu++14";
				CLANG_CXX_LIBRARY = "libc++";
				CLANG_ENABLE_MODULES = YES;
				CLANG_ENABLE_OBJC_ARC = YES;
				CLANG_ENABLE_OBJC_WEAK = YES;
				CLANG_WARN_BLOCK_CAPTURE_AUTORELEASING = YES;
				CLANG_WARN_BOOL_CONVERSION = YES;
				CLANG_WARN_COMMA = YES;
				CLANG_WARN_CONSTANT_CONVERSION = YES;
				CLANG_WARN_DEPRECATED_OBJC_IMPLEMENTATIONS = YES;
				CLANG_WARN_DIRECT_OBJC_ISA_USAGE = YES_ERROR;
				CLANG_WARN_DOCUMENTATION_COMMENTS = YES;
				CLANG_WARN_EMPTY_BODY = YES;
				CLANG_WARN_ENUM_CONVERSION = YES;
				CLANG_WARN_INFINITE_RECURSION = YES;
				CLANG_WARN_INT_CONVERSION = YES;
				CLANG_WARN_NON_LITERAL_NULL_CONVERSION = YES;
				CLANG_WARN_OBJC_IMPLICIT_RETAIN_SELF = YES;
				CLANG_WARN_OBJC_LITERAL_CONVERSION = YES;
				CLANG_WARN_OBJC_ROOT_CLASS = YES_ERROR;
				CLANG_WARN_QUOTED_INCLUDE_IN_FRAMEWORK_HEADER = YES;
				CLANG_WARN_RANGE_LOOP_ANALYSIS = YES;
				CLANG_WARN_STRICT_PROTOTYPES = YES;
				CLANG_WARN_SUSPICIOUS_MOVE = YES;
				CLANG_WARN_UNGUARDED_AVAILABILITY = YES_AGGRESSIVE;
				CLANG_WARN_UNREACHABLE_CODE = YES;
				CLANG_WARN__DUPLICATE_METHOD_MATCH = YES;
				COPY_PHASE_STRIP = NO;
				DEBUG_INFORMATION_FORMAT = "dwarf-with-dsym";
				ENABLE_NS_ASSERTIONS = NO;
				ENABLE_STRICT_OBJC_MSGSEND = YES;
				GCC_C_LANGUAGE_STANDARD = gnu11;
				GCC_NO_COMMON_BLOCKS = YES;
				GCC_WARN_64_TO_32_BIT_CONVERSION = YES;
				GCC_WARN_ABOUT_RETURN_TYPE = YES_ERROR;
				GCC_WARN_UNDECLARED_SELECTOR = YES;
				GCC_WARN_UNINITIALIZED_AUTOS = YES_AGGRESSIVE;
				GCC_WARN_UNUSED_FUNCTION = YES;
				GCC_WARN_UNUSED_VARIABLE = YES;
				IPHONEOS_DEPLOYMENT_TARGET = 14.2;
				MTL_ENABLE_DEBUG_INFO = NO;
				MTL_FAST_MATH = YES;
				SDKROOT = iphoneos;
				SWIFT_COMPILATION_MODE = wholemodule;
				SWIFT_OPTIMIZATION_LEVEL = "-O";
				VALIDATE_PRODUCT = YES;
			};
			name = Release;
		};
		096118AB25757B64006198C9 /* Debug */ = {
			isa = XCBuildConfiguration;
			baseConfigurationReference = 56635283D1902CF171418260 /* Pods-FeedTabs.debug.xcconfig */;
			buildSettings = {
				ASSETCATALOG_COMPILER_APPICON_NAME = AppIcon;
				ASSETCATALOG_COMPILER_GLOBAL_ACCENT_COLOR_NAME = AccentColor;
				CODE_SIGN_STYLE = Automatic;
				DEVELOPMENT_TEAM = G6NHARU59S;
				INFOPLIST_FILE = FeedTabs/Info.plist;
				LD_RUNPATH_SEARCH_PATHS = (
					"$(inherited)",
					"@executable_path/Frameworks",
				);
				PRODUCT_BUNDLE_IDENTIFIER = com.chen.FeedTabs;
				PRODUCT_NAME = "$(TARGET_NAME)";
				SWIFT_VERSION = 5.0;
				TARGETED_DEVICE_FAMILY = "1,2";
			};
			name = Debug;
		};
		096118AC25757B64006198C9 /* Release */ = {
			isa = XCBuildConfiguration;
			baseConfigurationReference = 460169CE6CACEF6C2107665A /* Pods-FeedTabs.release.xcconfig */;
			buildSettings = {
				ASSETCATALOG_COMPILER_APPICON_NAME = AppIcon;
				ASSETCATALOG_COMPILER_GLOBAL_ACCENT_COLOR_NAME = AccentColor;
				CODE_SIGN_STYLE = Automatic;
				DEVELOPMENT_TEAM = G6NHARU59S;
				INFOPLIST_FILE = FeedTabs/Info.plist;
				LD_RUNPATH_SEARCH_PATHS = (
					"$(inherited)",
					"@executable_path/Frameworks",
				);
				PRODUCT_BUNDLE_IDENTIFIER = com.chen.FeedTabs;
				PRODUCT_NAME = "$(TARGET_NAME)";
				SWIFT_VERSION = 5.0;
				TARGETED_DEVICE_FAMILY = "1,2";
			};
			name = Release;
		};
/* End XCBuildConfiguration section */

/* Begin XCConfigurationList section */
		0961189125757B61006198C9 /* Build configuration list for PBXProject "FeedTabs" */ = {
			isa = XCConfigurationList;
			buildConfigurations = (
				096118A825757B64006198C9 /* Debug */,
				096118A925757B64006198C9 /* Release */,
			);
			defaultConfigurationIsVisible = 0;
			defaultConfigurationName = Release;
		};
		096118AA25757B64006198C9 /* Build configuration list for PBXNativeTarget "FeedTabs" */ = {
			isa = XCConfigurationList;
			buildConfigurations = (
				096118AB25757B64006198C9 /* Debug */,
				096118AC25757B64006198C9 /* Release */,
			);
			defaultConfigurationIsVisible = 0;
			defaultConfigurationName = Release;
		};
/* End XCConfigurationList section */
	};
	rootObject = 0961188E25757B61006198C9 /* Project object */;
}
